// !$*UTF8*$!
{
	archiveVersion = 1;
	classes = {
	};
	objectVersion = 48;
	objects = {

/* Begin PBXBuildFile section */
		044CAA742036108A000AB63F /* AppDelegate.swift in Sources */ = {isa = PBXBuildFile; fileRef = 044CAA732036108A000AB63F /* AppDelegate.swift */; };
		044CAA762036108A000AB63F /* art.scnassets in Resources */ = {isa = PBXBuildFile; fileRef = 044CAA752036108A000AB63F /* art.scnassets */; };
		044CAA782036108A000AB63F /* ViewController.swift in Sources */ = {isa = PBXBuildFile; fileRef = 044CAA772036108A000AB63F /* ViewController.swift */; };
		044CAA7B2036108A000AB63F /* Main.storyboard in Resources */ = {isa = PBXBuildFile; fileRef = 044CAA792036108A000AB63F /* Main.storyboard */; };
		044CAA7D2036108A000AB63F /* Assets.xcassets in Resources */ = {isa = PBXBuildFile; fileRef = 044CAA7C2036108A000AB63F /* Assets.xcassets */; };
		044CAA802036108A000AB63F /* LaunchScreen.storyboard in Resources */ = {isa = PBXBuildFile; fileRef = 044CAA7E2036108A000AB63F /* LaunchScreen.storyboard */; };
		044CAA88203614F5000AB63F /* SetAlarmViewController.swift in Sources */ = {isa = PBXBuildFile; fileRef = 044CAA87203614F5000AB63F /* SetAlarmViewController.swift */; };
		04A3227E203C91FE0011BAE1 /* AlarmsTableViewController.swift in Sources */ = {isa = PBXBuildFile; fileRef = 04A3227D203C91FE0011BAE1 /* AlarmsTableViewController.swift */; };
		04A32280203C920E0011BAE1 /* AlarmsTableViewCell.swift in Sources */ = {isa = PBXBuildFile; fileRef = 04A3227F203C920E0011BAE1 /* AlarmsTableViewCell.swift */; };
/* End PBXBuildFile section */

/* Begin PBXFileReference section */
		044CAA702036108A000AB63F /* alarm.app */ = {isa = PBXFileReference; explicitFileType = wrapper.application; includeInIndex = 0; path = alarm.app; sourceTree = BUILT_PRODUCTS_DIR; };
		044CAA732036108A000AB63F /* AppDelegate.swift */ = {isa = PBXFileReference; lastKnownFileType = sourcecode.swift; path = AppDelegate.swift; sourceTree = "<group>"; };
		044CAA752036108A000AB63F /* art.scnassets */ = {isa = PBXFileReference; lastKnownFileType = wrapper.scnassets; path = art.scnassets; sourceTree = "<group>"; };
		044CAA772036108A000AB63F /* ViewController.swift */ = {isa = PBXFileReference; lastKnownFileType = sourcecode.swift; path = ViewController.swift; sourceTree = "<group>"; };
		044CAA7A2036108A000AB63F /* Base */ = {isa = PBXFileReference; lastKnownFileType = file.storyboard; name = Base; path = Base.lproj/Main.storyboard; sourceTree = "<group>"; };
		044CAA7C2036108A000AB63F /* Assets.xcassets */ = {isa = PBXFileReference; lastKnownFileType = folder.assetcatalog; path = Assets.xcassets; sourceTree = "<group>"; };
		044CAA7F2036108A000AB63F /* Base */ = {isa = PBXFileReference; lastKnownFileType = file.storyboard; name = Base; path = Base.lproj/LaunchScreen.storyboard; sourceTree = "<group>"; };
		044CAA812036108A000AB63F /* Info.plist */ = {isa = PBXFileReference; lastKnownFileType = text.plist.xml; path = Info.plist; sourceTree = "<group>"; };
		044CAA87203614F5000AB63F /* SetAlarmViewController.swift */ = {isa = PBXFileReference; lastKnownFileType = sourcecode.swift; path = SetAlarmViewController.swift; sourceTree = "<group>"; };
		04A3227D203C91FE0011BAE1 /* AlarmsTableViewController.swift */ = {isa = PBXFileReference; lastKnownFileType = sourcecode.swift; path = AlarmsTableViewController.swift; sourceTree = "<group>"; };
		04A3227F203C920E0011BAE1 /* AlarmsTableViewCell.swift */ = {isa = PBXFileReference; lastKnownFileType = sourcecode.swift; path = AlarmsTableViewCell.swift; sourceTree = "<group>"; };
/* End PBXFileReference section */

/* Begin PBXFrameworksBuildPhase section */
		044CAA6D2036108A000AB63F /* Frameworks */ = {
			isa = PBXFrameworksBuildPhase;
			buildActionMask = 2147483647;
			files = (
			);
			runOnlyForDeploymentPostprocessing = 0;
		};
/* End PBXFrameworksBuildPhase section */

/* Begin PBXGroup section */
		044CAA672036108A000AB63F = {
			isa = PBXGroup;
			children = (
				044CAA722036108A000AB63F /* alarm */,
				044CAA712036108A000AB63F /* Products */,
			);
			sourceTree = "<group>";
		};
		044CAA712036108A000AB63F /* Products */ = {
			isa = PBXGroup;
			children = (
				044CAA702036108A000AB63F /* alarm.app */,
			);
			name = Products;
			sourceTree = "<group>";
		};
		044CAA722036108A000AB63F /* alarm */ = {
			isa = PBXGroup;
			children = (
				044CAA732036108A000AB63F /* AppDelegate.swift */,
				044CAA752036108A000AB63F /* art.scnassets */,
				044CAA772036108A000AB63F /* ViewController.swift */,
				044CAA792036108A000AB63F /* Main.storyboard */,
				044CAA7C2036108A000AB63F /* Assets.xcassets */,
				044CAA7E2036108A000AB63F /* LaunchScreen.storyboard */,
				044CAA87203614F5000AB63F /* SetAlarmViewController.swift */,
				044CAA812036108A000AB63F /* Info.plist */,
				04A3227D203C91FE0011BAE1 /* AlarmsTableViewController.swift */,
				04A3227F203C920E0011BAE1 /* AlarmsTableViewCell.swift */,
			);
			path = alarm;
			sourceTree = "<group>";
		};
/* End PBXGroup section */

/* Begin PBXNativeTarget section */
		044CAA6F2036108A000AB63F /* alarm */ = {
			isa = PBXNativeTarget;
			buildConfigurationList = 044CAA842036108A000AB63F /* Build configuration list for PBXNativeTarget "alarm" */;
			buildPhases = (
				044CAA6C2036108A000AB63F /* Sources */,
				044CAA6D2036108A000AB63F /* Frameworks */,
				044CAA6E2036108A000AB63F /* Resources */,
			);
			buildRules = (
			);
			dependencies = (
			);
			name = alarm;
			productName = alarm;
			productReference = 044CAA702036108A000AB63F /* alarm.app */;
			productType = "com.apple.product-type.application";
		};
/* End PBXNativeTarget section */

/* Begin PBXProject section */
		044CAA682036108A000AB63F /* Project object */ = {
			isa = PBXProject;
			attributes = {
				LastSwiftUpdateCheck = 0920;
				LastUpgradeCheck = 0920;
				ORGANIZATIONNAME = "Jack Weber";
				TargetAttributes = {
					044CAA6F2036108A000AB63F = {
						CreatedOnToolsVersion = 9.2;
						ProvisioningStyle = Automatic;
					};
				};
			};
			buildConfigurationList = 044CAA6B2036108A000AB63F /* Build configuration list for PBXProject "alarm" */;
			compatibilityVersion = "Xcode 8.0";
			developmentRegion = en;
			hasScannedForEncodings = 0;
			knownRegions = (
				en,
				Base,
			);
			mainGroup = 044CAA672036108A000AB63F;
			productRefGroup = 044CAA712036108A000AB63F /* Products */;
			projectDirPath = "";
			projectRoot = "";
			targets = (
				044CAA6F2036108A000AB63F /* alarm */,
			);
		};
/* End PBXProject section */

/* Begin PBXResourcesBuildPhase section */
		044CAA6E2036108A000AB63F /* Resources */ = {
			isa = PBXResourcesBuildPhase;
			buildActionMask = 2147483647;
			files = (
				044CAA762036108A000AB63F /* art.scnassets in Resources */,
				044CAA802036108A000AB63F /* LaunchScreen.storyboard in Resources */,
				044CAA7D2036108A000AB63F /* Assets.xcassets in Resources */,
				044CAA7B2036108A000AB63F /* Main.storyboard in Resources */,
			);
			runOnlyForDeploymentPostprocessing = 0;
		};
/* End PBXResourcesBuildPhase section */

/* Begin PBXSourcesBuildPhase section */
		044CAA6C2036108A000AB63F /* Sources */ = {
			isa = PBXSourcesBuildPhase;
			buildActionMask = 2147483647;
			files = (
				044CAA88203614F5000AB63F /* SetAlarmViewController.swift in Sources */,
				04A3227E203C91FE0011BAE1 /* AlarmsTableViewController.swift in Sources */,
				04A32280203C920E0011BAE1 /* AlarmsTableViewCell.swift in Sources */,
				044CAA782036108A000AB63F /* ViewController.swift in Sources */,
				044CAA742036108A000AB63F /* AppDelegate.swift in Sources */,
			);
			runOnlyForDeploymentPostprocessing = 0;
		};
/* End PBXSourcesBuildPhase section */

/* Begin PBXVariantGroup section */
		044CAA792036108A000AB63F /* Main.storyboard */ = {
			isa = PBXVariantGroup;
			children = (
				044CAA7A2036108A000AB63F /* Base */,
			);
			name = Main.storyboard;
			sourceTree = "<group>";
		};
		044CAA7E2036108A000AB63F /* LaunchScreen.storyboard */ = {
			isa = PBXVariantGroup;
			children = (
				044CAA7F2036108A000AB63F /* Base */,
			);
			name = LaunchScreen.storyboard;
			sourceTree = "<group>";
		};
/* End PBXVariantGroup section */

/* Begin XCBuildConfiguration section */
		044CAA822036108A000AB63F /* Debug */ = {
			isa = XCBuildConfiguration;
			buildSettings = {
				ALWAYS_SEARCH_USER_PATHS = NO;
				CLANG_ANALYZER_NONNULL = YES;
				CLANG_ANALYZER_NUMBER_OBJECT_CONVERSION = YES_AGGRESSIVE;
				CLANG_CXX_LANGUAGE_STANDARD = "gnu++14";
				CLANG_CXX_LIBRARY = "libc++";
				CLANG_ENABLE_MODULES = YES;
				CLANG_ENABLE_OBJC_ARC = YES;
				CLANG_WARN_BLOCK_CAPTURE_AUTORELEASING = YES;
				CLANG_WARN_BOOL_CONVERSION = YES;
				CLANG_WARN_COMMA = YES;
				CLANG_WARN_CONSTANT_CONVERSION = YES;
				CLANG_WARN_DIRECT_OBJC_ISA_USAGE = YES_ERROR;
				CLANG_WARN_DOCUMENTATION_COMMENTS = YES;
				CLANG_WARN_EMPTY_BODY = YES;
				CLANG_WARN_ENUM_CONVERSION = YES;
				CLANG_WARN_INFINITE_RECURSION = YES;
				CLANG_WARN_INT_CONVERSION = YES;
				CLANG_WARN_NON_LITERAL_NULL_CONVERSION = YES;
				CLANG_WARN_OBJC_LITERAL_CONVERSION = YES;
				CLANG_WARN_OBJC_ROOT_CLASS = YES_ERROR;
				CLANG_WARN_RANGE_LOOP_ANALYSIS = YES;
				CLANG_WARN_STRICT_PROTOTYPES = YES;
				CLANG_WARN_SUSPICIOUS_MOVE = YES;
				CLANG_WARN_UNGUARDED_AVAILABILITY = YES_AGGRESSIVE;
				CLANG_WARN_UNREACHABLE_CODE = YES;
				CLANG_WARN__DUPLICATE_METHOD_MATCH = YES;
				CODE_SIGN_IDENTITY = "iPhone Developer";
				COPY_PHASE_STRIP = NO;
				DEBUG_INFORMATION_FORMAT = dwarf;
				ENABLE_STRICT_OBJC_MSGSEND = YES;
				ENABLE_TESTABILITY = YES;
				GCC_C_LANGUAGE_STANDARD = gnu11;
				GCC_DYNAMIC_NO_PIC = NO;
				GCC_NO_COMMON_BLOCKS = YES;
				GCC_OPTIMIZATION_LEVEL = 0;
				GCC_PREPROCESSOR_DEFINITIONS = (
					"DEBUG=1",
					"$(inherited)",
				);
				GCC_WARN_64_TO_32_BIT_CONVERSION = YES;
				GCC_WARN_ABOUT_RETURN_TYPE = YES_ERROR;
				GCC_WARN_UNDECLARED_SELECTOR = YES;
				GCC_WARN_UNINITIALIZED_AUTOS = YES_AGGRESSIVE;
				GCC_WARN_UNUSED_FUNCTION = YES;
				GCC_WARN_UNUSED_VARIABLE = YES;
				IPHONEOS_DEPLOYMENT_TARGET = 11.2;
				MTL_ENABLE_DEBUG_INFO = YES;
				ONLY_ACTIVE_ARCH = YES;
				SDKROOT = iphoneos;
				SWIFT_ACTIVE_COMPILATION_CONDITIONS = DEBUG;
				SWIFT_OPTIMIZATION_LEVEL = "-Onone";
			};
			name = Debug;
		};
		044CAA832036108A000AB63F /* Release */ = {
			isa = XCBuildConfiguration;
			buildSettings = {
				ALWAYS_SEARCH_USER_PATHS = NO;
				CLANG_ANALYZER_NONNULL = YES;
				CLANG_ANALYZER_NUMBER_OBJECT_CONVERSION = YES_AGGRESSIVE;
				CLANG_CXX_LANGUAGE_STANDARD = "gnu++14";
				CLANG_CXX_LIBRARY = "libc++";
				CLANG_ENABLE_MODULES = YES;
				CLANG_ENABLE_OBJC_ARC = YES;
				CLANG_WARN_BLOCK_CAPTURE_AUTORELEASING = YES;
				CLANG_WARN_BOOL_CONVERSION = YES;
				CLANG_WARN_COMMA = YES;
				CLANG_WARN_CONSTANT_CONVERSION = YES;
				CLANG_WARN_DIRECT_OBJC_ISA_USAGE = YES_ERROR;
				CLANG_WARN_DOCUMENTATION_COMMENTS = YES;
				CLANG_WARN_EMPTY_BODY = YES;
				CLANG_WARN_ENUM_CONVERSION = YES;
				CLANG_WARN_INFINITE_RECURSION = YES;
				CLANG_WARN_INT_CONVERSION = YES;
				CLANG_WARN_NON_LITERAL_NULL_CONVERSION = YES;
				CLANG_WARN_OBJC_LITERAL_CONVERSION = YES;
				CLANG_WARN_OBJC_ROOT_CLASS = YES_ERROR;
				CLANG_WARN_RANGE_LOOP_ANALYSIS = YES;
				CLANG_WARN_STRICT_PROTOTYPES = YES;
				CLANG_WARN_SUSPICIOUS_MOVE = YES;
				CLANG_WARN_UNGUARDED_AVAILABILITY = YES_AGGRESSIVE;
				CLANG_WARN_UNREACHABLE_CODE = YES;
				CLANG_WARN__DUPLICATE_METHOD_MATCH = YES;
				CODE_SIGN_IDENTITY = "iPhone Developer";
				COPY_PHASE_STRIP = NO;
				DEBUG_INFORMATION_FORMAT = "dwarf-with-dsym";
				ENABLE_NS_ASSERTIONS = NO;
				ENABLE_STRICT_OBJC_MSGSEND = YES;
				GCC_C_LANGUAGE_STANDARD = gnu11;
				GCC_NO_COMMON_BLOCKS = YES;
				GCC_WARN_64_TO_32_BIT_CONVERSION = YES;
				GCC_WARN_ABOUT_RETURN_TYPE = YES_ERROR;
				GCC_WARN_UNDECLARED_SELECTOR = YES;
				GCC_WARN_UNINITIALIZED_AUTOS = YES_AGGRESSIVE;
				GCC_WARN_UNUSED_FUNCTION = YES;
				GCC_WARN_UNUSED_VARIABLE = YES;
				IPHONEOS_DEPLOYMENT_TARGET = 11.2;
				MTL_ENABLE_DEBUG_INFO = NO;
				SDKROOT = iphoneos;
				SWIFT_OPTIMIZATION_LEVEL = "-Owholemodule";
				VALIDATE_PRODUCT = YES;
			};
			name = Release;
		};
		044CAA852036108A000AB63F /* Debug */ = {
			isa = XCBuildConfiguration;
			buildSettings = {
				ASSETCATALOG_COMPILER_APPICON_NAME = AppIcon;
				CODE_SIGN_STYLE = Automatic;
				INFOPLIST_FILE = alarm/Info.plist;
				LD_RUNPATH_SEARCH_PATHS = "$(inherited) @executable_path/Frameworks";
				PRODUCT_BUNDLE_IDENTIFIER = "com.tasty-brick.alarm";
				PRODUCT_NAME = "$(TARGET_NAME)";
				SWIFT_VERSION = 4.0;
				TARGETED_DEVICE_FAMILY = "1,2";
			};
			name = Debug;
		};
		044CAA862036108A000AB63F /* Release */ = {
			isa = XCBuildConfiguration;
			buildSettings = {
				ASSETCATALOG_COMPILER_APPICON_NAME = AppIcon;
				CODE_SIGN_STYLE = Automatic;
				INFOPLIST_FILE = alarm/Info.plist;
				LD_RUNPATH_SEARCH_PATHS = "$(inherited) @executable_path/Frameworks";
				PRODUCT_BUNDLE_IDENTIFIER = "com.tasty-brick.alarm";
				PRODUCT_NAME = "$(TARGET_NAME)";
				SWIFT_VERSION = 4.0;
				TARGETED_DEVICE_FAMILY = "1,2";
			};
			name = Release;
		};
/* End XCBuildConfiguration section */

/* Begin XCConfigurationList section */
		044CAA6B2036108A000AB63F /* Build configuration list for PBXProject "alarm" */ = {
			isa = XCConfigurationList;
			buildConfigurations = (
				044CAA822036108A000AB63F /* Debug */,
				044CAA832036108A000AB63F /* Release */,
			);
			defaultConfigurationIsVisible = 0;
			defaultConfigurationName = Release;
		};
		044CAA842036108A000AB63F /* Build configuration list for PBXNativeTarget "alarm" */ = {
			isa = XCConfigurationList;
			buildConfigurations = (
				044CAA852036108A000AB63F /* Debug */,
				044CAA862036108A000AB63F /* Release */,
			);
			defaultConfigurationIsVisible = 0;
			defaultConfigurationName = Release;
		};
/* End XCConfigurationList section */
	};
	rootObject = 044CAA682036108A000AB63F /* Project object */;
}
